
Microsoft Visual Studio Solution File, Format Version 12.00
# Visual Studio Version 17
VisualStudioVersion = 17.7.34024.191
MinimumVisualStudioVersion = 10.0.40219.1
Project("{FAE04EC0-301F-11D3-BF4B-00C04F79EFBC}") = "GGSpammer", "GGSpammer\GGSpammer.csproj", "{9FC76703-F6CA-4686-8809-22311E480554}"
EndProject
Global
	GlobalSection(SolutionConfigurationPlatforms) = preSolution
		Debug|Any CPU = Debug|Any CPU
		Release|Any CPU = Release|Any CPU
	EndGlobalSection
	GlobalSection(ProjectConfigurationPlatforms) = postSolution
		{9FC76703-F6CA-4686-8809-22311E480554}.Debug|Any CPU.ActiveCfg = Debug|Any CPU
		{9FC76703-F6CA-4686-8809-22311E480554}.Debug|Any CPU.Build.0 = Debug|Any CPU
		{9FC76703-F6CA-4686-8809-22311E480554}.Release|Any CPU.ActiveCfg = Release|Any CPU
		{9FC76703-F6CA-4686-8809-22311E480554}.Release|Any CPU.Build.0 = Release|Any CPU
	EndGlobalSection
	GlobalSection(SolutionProperties) = preSolution
		HideSolutionNode = FALSE
	EndGlobalSection
	GlobalSection(ExtensibilityGlobals) = postSolution
		SolutionGuid = {5E90EA96-5D3A-4E89-A394-8608B56D830B}
	EndGlobalSection
EndGlobal
